// !$*UTF8*$!
{
	archiveVersion = 1;
	classes = {
	};
	objectVersion = 55;
	objects = {

/* Begin PBXBuildFile section */
		9192605B274E0A9E00BBD5B4 /* AppDelegate.swift in Sources */ = {isa = PBXBuildFile; fileRef = 9192605A274E0A9E00BBD5B4 /* AppDelegate.swift */; };
		9192605D274E0A9E00BBD5B4 /* SceneDelegate.swift in Sources */ = {isa = PBXBuildFile; fileRef = 9192605C274E0A9E00BBD5B4 /* SceneDelegate.swift */; };
		91926062274E0A9E00BBD5B4 /* Main.storyboard in Resources */ = {isa = PBXBuildFile; fileRef = 91926060274E0A9E00BBD5B4 /* Main.storyboard */; };
		91926064274E0A9F00BBD5B4 /* Assets.xcassets in Resources */ = {isa = PBXBuildFile; fileRef = 91926063274E0A9F00BBD5B4 /* Assets.xcassets */; };
		91926067274E0A9F00BBD5B4 /* LaunchScreen.storyboard in Resources */ = {isa = PBXBuildFile; fileRef = 91926065274E0A9F00BBD5B4 /* LaunchScreen.storyboard */; };
		9192606F274E0F5E00BBD5B4 /* HomeViewController.swift in Sources */ = {isa = PBXBuildFile; fileRef = 9192606E274E0F5E00BBD5B4 /* HomeViewController.swift */; };
		91926074274E20DA00BBD5B4 /* BorderViewController.swift in Sources */ = {isa = PBXBuildFile; fileRef = 91926072274E20DA00BBD5B4 /* BorderViewController.swift */; };
		91926075274E20DA00BBD5B4 /* BorderViewController.xib in Resources */ = {isa = PBXBuildFile; fileRef = 91926073274E20DA00BBD5B4 /* BorderViewController.xib */; };
		91926079274E4A7C00BBD5B4 /* OpenCVWrapper.mm in Sources */ = {isa = PBXBuildFile; fileRef = 91926078274E4A7C00BBD5B4 /* OpenCVWrapper.mm */; };
		9192607B274E4A9800BBD5B4 /* opencv2.framework in Frameworks */ = {isa = PBXBuildFile; fileRef = 9192607A274E4A9800BBD5B4 /* opencv2.framework */; };
		91926082274F1AA900BBD5B4 /* ImageHelper.swift in Sources */ = {isa = PBXBuildFile; fileRef = 91926081274F1AA900BBD5B4 /* ImageHelper.swift */; };
		F5706609B4C0EF8AA56FD8C7 /* Pods_PhoneLine.framework in Frameworks */ = {isa = PBXBuildFile; fileRef = 1201FF742A0BE184BED9E2FD /* Pods_PhoneLine.framework */; };
/* End PBXBuildFile section */

/* Begin PBXFileReference section */
		1201FF742A0BE184BED9E2FD /* Pods_PhoneLine.framework */ = {isa = PBXFileReference; explicitFileType = wrapper.framework; includeInIndex = 0; path = Pods_PhoneLine.framework; sourceTree = BUILT_PRODUCTS_DIR; };
		91926057274E0A9E00BBD5B4 /* PhoneLine.app */ = {isa = PBXFileReference; explicitFileType = wrapper.application; includeInIndex = 0; path = PhoneLine.app; sourceTree = BUILT_PRODUCTS_DIR; };
		9192605A274E0A9E00BBD5B4 /* AppDelegate.swift */ = {isa = PBXFileReference; lastKnownFileType = sourcecode.swift; path = AppDelegate.swift; sourceTree = "<group>"; };
		9192605C274E0A9E00BBD5B4 /* SceneDelegate.swift */ = {isa = PBXFileReference; lastKnownFileType = sourcecode.swift; path = SceneDelegate.swift; sourceTree = "<group>"; };
		91926061274E0A9E00BBD5B4 /* Base */ = {isa = PBXFileReference; lastKnownFileType = file.storyboard; name = Base; path = Base.lproj/Main.storyboard; sourceTree = "<group>"; };
		91926063274E0A9F00BBD5B4 /* Assets.xcassets */ = {isa = PBXFileReference; lastKnownFileType = folder.assetcatalog; path = Assets.xcassets; sourceTree = "<group>"; };
		91926066274E0A9F00BBD5B4 /* Base */ = {isa = PBXFileReference; lastKnownFileType = file.storyboard; name = Base; path = Base.lproj/LaunchScreen.storyboard; sourceTree = "<group>"; };
		91926068274E0A9F00BBD5B4 /* Info.plist */ = {isa = PBXFileReference; lastKnownFileType = text.plist.xml; path = Info.plist; sourceTree = "<group>"; };
		9192606E274E0F5E00BBD5B4 /* HomeViewController.swift */ = {isa = PBXFileReference; lastKnownFileType = sourcecode.swift; path = HomeViewController.swift; sourceTree = "<group>"; };
		91926072274E20DA00BBD5B4 /* BorderViewController.swift */ = {isa = PBXFileReference; lastKnownFileType = sourcecode.swift; path = BorderViewController.swift; sourceTree = "<group>"; };
		91926073274E20DA00BBD5B4 /* BorderViewController.xib */ = {isa = PBXFileReference; lastKnownFileType = file.xib; path = BorderViewController.xib; sourceTree = "<group>"; };
		91926077274E4A7C00BBD5B4 /* PhoneLine-Bridging-Header.h */ = {isa = PBXFileReference; lastKnownFileType = sourcecode.c.h; path = "PhoneLine-Bridging-Header.h"; sourceTree = "<group>"; };
		91926078274E4A7C00BBD5B4 /* OpenCVWrapper.mm */ = {isa = PBXFileReference; lastKnownFileType = sourcecode.cpp.objcpp; path = OpenCVWrapper.mm; sourceTree = "<group>"; };
		9192607A274E4A9800BBD5B4 /* opencv2.framework */ = {isa = PBXFileReference; lastKnownFileType = wrapper.framework; path = opencv2.framework; sourceTree = "<group>"; };
		9192607E274E4AC800BBD5B4 /* OpenCVWrapper.h */ = {isa = PBXFileReference; lastKnownFileType = sourcecode.c.h; path = OpenCVWrapper.h; sourceTree = "<group>"; };
		91926081274F1AA900BBD5B4 /* ImageHelper.swift */ = {isa = PBXFileReference; lastKnownFileType = sourcecode.swift; path = ImageHelper.swift; sourceTree = "<group>"; };
		E03791152C83110EB67BE203 /* Pods-PhoneLine.release.xcconfig */ = {isa = PBXFileReference; includeInIndex = 1; lastKnownFileType = text.xcconfig; name = "Pods-PhoneLine.release.xcconfig"; path = "Target Support Files/Pods-PhoneLine/Pods-PhoneLine.release.xcconfig"; sourceTree = "<group>"; };
		EB880DF4422526E0037C8477 /* Pods-PhoneLine.debug.xcconfig */ = {isa = PBXFileReference; includeInIndex = 1; lastKnownFileType = text.xcconfig; name = "Pods-PhoneLine.debug.xcconfig"; path = "Target Support Files/Pods-PhoneLine/Pods-PhoneLine.debug.xcconfig"; sourceTree = "<group>"; };
/* End PBXFileReference section */

/* Begin PBXFrameworksBuildPhase section */
		91926054274E0A9E00BBD5B4 /* Frameworks */ = {
			isa = PBXFrameworksBuildPhase;
			buildActionMask = 2147483647;
			files = (
				9192607B274E4A9800BBD5B4 /* opencv2.framework in Frameworks */,
				F5706609B4C0EF8AA56FD8C7 /* Pods_PhoneLine.framework in Frameworks */,
			);
			runOnlyForDeploymentPostprocessing = 0;
		};
/* End PBXFrameworksBuildPhase section */

/* Begin PBXGroup section */
		9192604E274E0A9E00BBD5B4 = {
			isa = PBXGroup;
			children = (
				91926059274E0A9E00BBD5B4 /* PhoneLine */,
				91926058274E0A9E00BBD5B4 /* Products */,
				9B32EF42910E180FF6DD2467 /* Pods */,
				AA2B5E7C3301BD44181E51BD /* Frameworks */,
			);
			sourceTree = "<group>";
		};
		91926058274E0A9E00BBD5B4 /* Products */ = {
			isa = PBXGroup;
			children = (
				91926057274E0A9E00BBD5B4 /* PhoneLine.app */,
			);
			name = Products;
			sourceTree = "<group>";
		};
		91926059274E0A9E00BBD5B4 /* PhoneLine */ = {
			isa = PBXGroup;
			children = (
				91926080274F1A9600BBD5B4 /* ImageHelper */,
				91926076274E4A5A00BBD5B4 /* OpenCV */,
				91926071274E20AD00BBD5B4 /* VC */,
				91926070274E159B00BBD5B4 /* XIB */,
				9192605A274E0A9E00BBD5B4 /* AppDelegate.swift */,
				9192605C274E0A9E00BBD5B4 /* SceneDelegate.swift */,
				9192606E274E0F5E00BBD5B4 /* HomeViewController.swift */,
				91926060274E0A9E00BBD5B4 /* Main.storyboard */,
				91926063274E0A9F00BBD5B4 /* Assets.xcassets */,
				91926065274E0A9F00BBD5B4 /* LaunchScreen.storyboard */,
				91926068274E0A9F00BBD5B4 /* Info.plist */,
			);
			path = PhoneLine;
			sourceTree = "<group>";
		};
		91926070274E159B00BBD5B4 /* XIB */ = {
			isa = PBXGroup;
			children = (
			);
			path = XIB;
			sourceTree = "<group>";
		};
		91926071274E20AD00BBD5B4 /* VC */ = {
			isa = PBXGroup;
			children = (
				91926072274E20DA00BBD5B4 /* BorderViewController.swift */,
				91926073274E20DA00BBD5B4 /* BorderViewController.xib */,
			);
			path = VC;
			sourceTree = "<group>";
		};
		91926076274E4A5A00BBD5B4 /* OpenCV */ = {
			isa = PBXGroup;
			children = (
				9192607E274E4AC800BBD5B4 /* OpenCVWrapper.h */,
				91926078274E4A7C00BBD5B4 /* OpenCVWrapper.mm */,
				91926077274E4A7C00BBD5B4 /* PhoneLine-Bridging-Header.h */,
			);
			path = OpenCV;
			sourceTree = "<group>";
		};
		91926080274F1A9600BBD5B4 /* ImageHelper */ = {
			isa = PBXGroup;
			children = (
				91926081274F1AA900BBD5B4 /* ImageHelper.swift */,
			);
			path = ImageHelper;
			sourceTree = "<group>";
		};
		9B32EF42910E180FF6DD2467 /* Pods */ = {
			isa = PBXGroup;
			children = (
				EB880DF4422526E0037C8477 /* Pods-PhoneLine.debug.xcconfig */,
				E03791152C83110EB67BE203 /* Pods-PhoneLine.release.xcconfig */,
			);
			path = Pods;
			sourceTree = "<group>";
		};
		AA2B5E7C3301BD44181E51BD /* Frameworks */ = {
			isa = PBXGroup;
			children = (
				9192607A274E4A9800BBD5B4 /* opencv2.framework */,
				1201FF742A0BE184BED9E2FD /* Pods_PhoneLine.framework */,
			);
			name = Frameworks;
			sourceTree = "<group>";
		};
/* End PBXGroup section */

/* Begin PBXNativeTarget section */
		91926056274E0A9E00BBD5B4 /* PhoneLine */ = {
			isa = PBXNativeTarget;
			buildConfigurationList = 9192606B274E0A9F00BBD5B4 /* Build configuration list for PBXNativeTarget "PhoneLine" */;
			buildPhases = (
				2DEC7569AB10128E4097F44F /* [CP] Check Pods Manifest.lock */,
				91926053274E0A9E00BBD5B4 /* Sources */,
				91926054274E0A9E00BBD5B4 /* Frameworks */,
				91926055274E0A9E00BBD5B4 /* Resources */,
				8D20E2A7F2F3FECAB98ACFA7 /* [CP] Embed Pods Frameworks */,
			);
			buildRules = (
			);
			dependencies = (
			);
			name = PhoneLine;
			productName = PhoneLine;
			productReference = 91926057274E0A9E00BBD5B4 /* PhoneLine.app */;
			productType = "com.apple.product-type.application";
		};
/* End PBXNativeTarget section */

/* Begin PBXProject section */
		9192604F274E0A9E00BBD5B4 /* Project object */ = {
			isa = PBXProject;
			attributes = {
				BuildIndependentTargetsInParallel = 1;
				LastSwiftUpdateCheck = 1310;
				LastUpgradeCheck = 1310;
				TargetAttributes = {
					91926056274E0A9E00BBD5B4 = {
						CreatedOnToolsVersion = 13.1;
						LastSwiftMigration = 1310;
					};
				};
			};
			buildConfigurationList = 91926052274E0A9E00BBD5B4 /* Build configuration list for PBXProject "PhoneLine" */;
			compatibilityVersion = "Xcode 13.0";
			developmentRegion = en;
			hasScannedForEncodings = 0;
			knownRegions = (
				en,
				Base,
			);
			mainGroup = 9192604E274E0A9E00BBD5B4;
			productRefGroup = 91926058274E0A9E00BBD5B4 /* Products */;
			projectDirPath = "";
			projectRoot = "";
			targets = (
				91926056274E0A9E00BBD5B4 /* PhoneLine */,
			);
		};
/* End PBXProject section */

/* Begin PBXResourcesBuildPhase section */
		91926055274E0A9E00BBD5B4 /* Resources */ = {
			isa = PBXResourcesBuildPhase;
			buildActionMask = 2147483647;
			files = (
				91926067274E0A9F00BBD5B4 /* LaunchScreen.storyboard in Resources */,
				91926064274E0A9F00BBD5B4 /* Assets.xcassets in Resources */,
				91926075274E20DA00BBD5B4 /* BorderViewController.xib in Resources */,
				91926062274E0A9E00BBD5B4 /* Main.storyboard in Resources */,
			);
			runOnlyForDeploymentPostprocessing = 0;
		};
/* End PBXResourcesBuildPhase section */

/* Begin PBXShellScriptBuildPhase section */
		2DEC7569AB10128E4097F44F /* [CP] Check Pods Manifest.lock */ = {
			isa = PBXShellScriptBuildPhase;
			buildActionMask = 2147483647;
			files = (
			);
			inputFileListPaths = (
			);
			inputPaths = (
				"${PODS_PODFILE_DIR_PATH}/Podfile.lock",
				"${PODS_ROOT}/Manifest.lock",
			);
			name = "[CP] Check Pods Manifest.lock";
			outputFileListPaths = (
			);
			outputPaths = (
				"$(DERIVED_FILE_DIR)/Pods-PhoneLine-checkManifestLockResult.txt",
			);
			runOnlyForDeploymentPostprocessing = 0;
			shellPath = /bin/sh;
			shellScript = "diff \"${PODS_PODFILE_DIR_PATH}/Podfile.lock\" \"${PODS_ROOT}/Manifest.lock\" > /dev/null\nif [ $? != 0 ] ; then\n    # print error to STDERR\n    echo \"error: The sandbox is not in sync with the Podfile.lock. Run 'pod install' or update your CocoaPods installation.\" >&2\n    exit 1\nfi\n# This output is used by Xcode 'outputs' to avoid re-running this script phase.\necho \"SUCCESS\" > \"${SCRIPT_OUTPUT_FILE_0}\"\n";
			showEnvVarsInLog = 0;
		};
		8D20E2A7F2F3FECAB98ACFA7 /* [CP] Embed Pods Frameworks */ = {
			isa = PBXShellScriptBuildPhase;
			buildActionMask = 2147483647;
			files = (
			);
			inputFileListPaths = (
				"${PODS_ROOT}/Target Support Files/Pods-PhoneLine/Pods-PhoneLine-frameworks-${CONFIGURATION}-input-files.xcfilelist",
			);
			name = "[CP] Embed Pods Frameworks";
			outputFileListPaths = (
				"${PODS_ROOT}/Target Support Files/Pods-PhoneLine/Pods-PhoneLine-frameworks-${CONFIGURATION}-output-files.xcfilelist",
			);
			runOnlyForDeploymentPostprocessing = 0;
			shellPath = /bin/sh;
			shellScript = "\"${PODS_ROOT}/Target Support Files/Pods-PhoneLine/Pods-PhoneLine-frameworks.sh\"\n";
			showEnvVarsInLog = 0;
		};
/* End PBXShellScriptBuildPhase section */

/* Begin PBXSourcesBuildPhase section */
		91926053274E0A9E00BBD5B4 /* Sources */ = {
			isa = PBXSourcesBuildPhase;
			buildActionMask = 2147483647;
			files = (
				9192605B274E0A9E00BBD5B4 /* AppDelegate.swift in Sources */,
				91926079274E4A7C00BBD5B4 /* OpenCVWrapper.mm in Sources */,
				9192605D274E0A9E00BBD5B4 /* SceneDelegate.swift in Sources */,
				91926074274E20DA00BBD5B4 /* BorderViewController.swift in Sources */,
				9192606F274E0F5E00BBD5B4 /* HomeViewController.swift in Sources */,
				91926082274F1AA900BBD5B4 /* ImageHelper.swift in Sources */,
			);
			runOnlyForDeploymentPostprocessing = 0;
		};
/* End PBXSourcesBuildPhase section */

/* Begin PBXVariantGroup section */
		91926060274E0A9E00BBD5B4 /* Main.storyboard */ = {
			isa = PBXVariantGroup;
			children = (
				91926061274E0A9E00BBD5B4 /* Base */,
			);
			name = Main.storyboard;
			sourceTree = "<group>";
		};
		91926065274E0A9F00BBD5B4 /* LaunchScreen.storyboard */ = {
			isa = PBXVariantGroup;
			children = (
				91926066274E0A9F00BBD5B4 /* Base */,
			);
			name = LaunchScreen.storyboard;
			sourceTree = "<group>";
		};
/* End PBXVariantGroup section */

/* Begin XCBuildConfiguration section */
		91926069274E0A9F00BBD5B4 /* Debug */ = {
			isa = XCBuildConfiguration;
			buildSettings = {
				ALWAYS_SEARCH_USER_PATHS = NO;
				CLANG_ANALYZER_NONNULL = YES;
				CLANG_ANALYZER_NUMBER_OBJECT_CONVERSION = YES_AGGRESSIVE;
				CLANG_CXX_LANGUAGE_STANDARD = "gnu++17";
				CLANG_CXX_LIBRARY = "libc++";
				CLANG_ENABLE_MODULES = YES;
				CLANG_ENABLE_OBJC_ARC = YES;
				CLANG_ENABLE_OBJC_WEAK = YES;
				CLANG_WARN_BLOCK_CAPTURE_AUTORELEASING = YES;
				CLANG_WARN_BOOL_CONVERSION = YES;
				CLANG_WARN_COMMA = YES;
				CLANG_WARN_CONSTANT_CONVERSION = YES;
				CLANG_WARN_DEPRECATED_OBJC_IMPLEMENTATIONS = YES;
				CLANG_WARN_DIRECT_OBJC_ISA_USAGE = YES_ERROR;
				CLANG_WARN_DOCUMENTATION_COMMENTS = YES;
				CLANG_WARN_EMPTY_BODY = YES;
				CLANG_WARN_ENUM_CONVERSION = YES;
				CLANG_WARN_INFINITE_RECURSION = YES;
				CLANG_WARN_INT_CONVERSION = YES;
				CLANG_WARN_NON_LITERAL_NULL_CONVERSION = YES;
				CLANG_WARN_OBJC_IMPLICIT_RETAIN_SELF = YES;
				CLANG_WARN_OBJC_LITERAL_CONVERSION = YES;
				CLANG_WARN_OBJC_ROOT_CLASS = YES_ERROR;
				CLANG_WARN_QUOTED_INCLUDE_IN_FRAMEWORK_HEADER = YES;
				CLANG_WARN_RANGE_LOOP_ANALYSIS = YES;
				CLANG_WARN_STRICT_PROTOTYPES = YES;
				CLANG_WARN_SUSPICIOUS_MOVE = YES;
				CLANG_WARN_UNGUARDED_AVAILABILITY = YES_AGGRESSIVE;
				CLANG_WARN_UNREACHABLE_CODE = YES;
				CLANG_WARN__DUPLICATE_METHOD_MATCH = YES;
				COPY_PHASE_STRIP = NO;
				DEBUG_INFORMATION_FORMAT = dwarf;
				ENABLE_STRICT_OBJC_MSGSEND = YES;
				ENABLE_TESTABILITY = YES;
				GCC_C_LANGUAGE_STANDARD = gnu11;
				GCC_DYNAMIC_NO_PIC = NO;
				GCC_NO_COMMON_BLOCKS = YES;
				GCC_OPTIMIZATION_LEVEL = 0;
				GCC_PREPROCESSOR_DEFINITIONS = (
					"DEBUG=1",
					"$(inherited)",
				);
				GCC_WARN_64_TO_32_BIT_CONVERSION = YES;
				GCC_WARN_ABOUT_RETURN_TYPE = YES_ERROR;
				GCC_WARN_UNDECLARED_SELECTOR = YES;
				GCC_WARN_UNINITIALIZED_AUTOS = YES_AGGRESSIVE;
				GCC_WARN_UNUSED_FUNCTION = YES;
				GCC_WARN_UNUSED_VARIABLE = YES;
				IPHONEOS_DEPLOYMENT_TARGET = 15.0;
				MTL_ENABLE_DEBUG_INFO = INCLUDE_SOURCE;
				MTL_FAST_MATH = YES;
				ONLY_ACTIVE_ARCH = YES;
				SDKROOT = iphoneos;
				SWIFT_ACTIVE_COMPILATION_CONDITIONS = DEBUG;
				SWIFT_OPTIMIZATION_LEVEL = "-Onone";
			};
			name = Debug;
		};
		9192606A274E0A9F00BBD5B4 /* Release */ = {
			isa = XCBuildConfiguration;
			buildSettings = {
				ALWAYS_SEARCH_USER_PATHS = NO;
				CLANG_ANALYZER_NONNULL = YES;
				CLANG_ANALYZER_NUMBER_OBJECT_CONVERSION = YES_AGGRESSIVE;
				CLANG_CXX_LANGUAGE_STANDARD = "gnu++17";
				CLANG_CXX_LIBRARY = "libc++";
				CLANG_ENABLE_MODULES = YES;
				CLANG_ENABLE_OBJC_ARC = YES;
				CLANG_ENABLE_OBJC_WEAK = YES;
				CLANG_WARN_BLOCK_CAPTURE_AUTORELEASING = YES;
				CLANG_WARN_BOOL_CONVERSION = YES;
				CLANG_WARN_COMMA = YES;
				CLANG_WARN_CONSTANT_CONVERSION = YES;
				CLANG_WARN_DEPRECATED_OBJC_IMPLEMENTATIONS = YES;
				CLANG_WARN_DIRECT_OBJC_ISA_USAGE = YES_ERROR;
				CLANG_WARN_DOCUMENTATION_COMMENTS = YES;
				CLANG_WARN_EMPTY_BODY = YES;
				CLANG_WARN_ENUM_CONVERSION = YES;
				CLANG_WARN_INFINITE_RECURSION = YES;
				CLANG_WARN_INT_CONVERSION = YES;
				CLANG_WARN_NON_LITERAL_NULL_CONVERSION = YES;
				CLANG_WARN_OBJC_IMPLICIT_RETAIN_SELF = YES;
				CLANG_WARN_OBJC_LITERAL_CONVERSION = YES;
				CLANG_WARN_OBJC_ROOT_CLASS = YES_ERROR;
				CLANG_WARN_QUOTED_INCLUDE_IN_FRAMEWORK_HEADER = YES;
				CLANG_WARN_RANGE_LOOP_ANALYSIS = YES;
				CLANG_WARN_STRICT_PROTOTYPES = YES;
				CLANG_WARN_SUSPICIOUS_MOVE = YES;
				CLANG_WARN_UNGUARDED_AVAILABILITY = YES_AGGRESSIVE;
				CLANG_WARN_UNREACHABLE_CODE = YES;
				CLANG_WARN__DUPLICATE_METHOD_MATCH = YES;
				COPY_PHASE_STRIP = NO;
				DEBUG_INFORMATION_FORMAT = "dwarf-with-dsym";
				ENABLE_NS_ASSERTIONS = NO;
				ENABLE_STRICT_OBJC_MSGSEND = YES;
				GCC_C_LANGUAGE_STANDARD = gnu11;
				GCC_NO_COMMON_BLOCKS = YES;
				GCC_WARN_64_TO_32_BIT_CONVERSION = YES;
				GCC_WARN_ABOUT_RETURN_TYPE = YES_ERROR;
				GCC_WARN_UNDECLARED_SELECTOR = YES;
				GCC_WARN_UNINITIALIZED_AUTOS = YES_AGGRESSIVE;
				GCC_WARN_UNUSED_FUNCTION = YES;
				GCC_WARN_UNUSED_VARIABLE = YES;
				IPHONEOS_DEPLOYMENT_TARGET = 15.0;
				MTL_ENABLE_DEBUG_INFO = NO;
				MTL_FAST_MATH = YES;
				SDKROOT = iphoneos;
				SWIFT_COMPILATION_MODE = wholemodule;
				SWIFT_OPTIMIZATION_LEVEL = "-O";
				VALIDATE_PRODUCT = YES;
			};
			name = Release;
		};
		9192606C274E0A9F00BBD5B4 /* Debug */ = {
			isa = XCBuildConfiguration;
			baseConfigurationReference = EB880DF4422526E0037C8477 /* Pods-PhoneLine.debug.xcconfig */;
			buildSettings = {
				ASSETCATALOG_COMPILER_APPICON_NAME = AppIcon;
				ASSETCATALOG_COMPILER_GLOBAL_ACCENT_COLOR_NAME = AccentColor;
				CLANG_ENABLE_MODULES = YES;
				CODE_SIGN_STYLE = Automatic;
				CURRENT_PROJECT_VERSION = 1;
				DEVELOPMENT_TEAM = 3295JJ3P97;
				FRAMEWORK_SEARCH_PATHS = (
					"$(inherited)",
					"$(PROJECT_DIR)",
				);
				GENERATE_INFOPLIST_FILE = YES;
				INFOPLIST_FILE = PhoneLine/Info.plist;
				INFOPLIST_KEY_UIApplicationSupportsIndirectInputEvents = YES;
				INFOPLIST_KEY_UILaunchStoryboardName = LaunchScreen;
				INFOPLIST_KEY_UIMainStoryboardFile = Main;
				INFOPLIST_KEY_UISupportedInterfaceOrientations_iPad = "UIInterfaceOrientationPortrait UIInterfaceOrientationPortraitUpsideDown UIInterfaceOrientationLandscapeLeft UIInterfaceOrientationLandscapeRight";
				INFOPLIST_KEY_UISupportedInterfaceOrientations_iPhone = "UIInterfaceOrientationPortrait UIInterfaceOrientationLandscapeLeft UIInterfaceOrientationLandscapeRight";
				IPHONEOS_DEPLOYMENT_TARGET = 13.0;
				LD_RUNPATH_SEARCH_PATHS = (
					"$(inherited)",
					"@executable_path/Frameworks",
				);
				MARKETING_VERSION = 1.0;
				PRODUCT_BUNDLE_IDENTIFIER = com.Marshaii.PhoneLine;
				PRODUCT_NAME = "$(TARGET_NAME)";
				SWIFT_EMIT_LOC_STRINGS = YES;
				SWIFT_OBJC_BRIDGING_HEADER = "PhoneLine/OpenCV/PhoneLine-Bridging-Header.h";
				SWIFT_OPTIMIZATION_LEVEL = "-Onone";
				SWIFT_VERSION = 5.0;
				TARGETED_DEVICE_FAMILY = 1;
			};
			name = Debug;
		};
		9192606D274E0A9F00BBD5B4 /* Release */ = {
			isa = XCBuildConfiguration;
			baseConfigurationReference = E03791152C83110EB67BE203 /* Pods-PhoneLine.release.xcconfig */;
			buildSettings = {
				ASSETCATALOG_COMPILER_APPICON_NAME = AppIcon;
				ASSETCATALOG_COMPILER_GLOBAL_ACCENT_COLOR_NAME = AccentColor;
				CLANG_ENABLE_MODULES = YES;
				CODE_SIGN_STYLE = Automatic;
				CURRENT_PROJECT_VERSION = 1;
				DEVELOPMENT_TEAM = 3295JJ3P97;
				FRAMEWORK_SEARCH_PATHS = (
					"$(inherited)",
					"$(PROJECT_DIR)",
				);
				GENERATE_INFOPLIST_FILE = YES;
				INFOPLIST_FILE = PhoneLine/Info.plist;
				INFOPLIST_KEY_UIApplicationSupportsIndirectInputEvents = YES;
				INFOPLIST_KEY_UILaunchStoryboardName = LaunchScreen;
				INFOPLIST_KEY_UIMainStoryboardFile = Main;
				INFOPLIST_KEY_UISupportedInterfaceOrientations_iPad = "UIInterfaceOrientationPortrait UIInterfaceOrientationPortraitUpsideDown UIInterfaceOrientationLandscapeLeft UIInterfaceOrientationLandscapeRight";
				INFOPLIST_KEY_UISupportedInterfaceOrientations_iPhone = "UIInterfaceOrientationPortrait UIInterfaceOrientationLandscapeLeft UIInterfaceOrientationLandscapeRight";
				IPHONEOS_DEPLOYMENT_TARGET = 13.0;
				LD_RUNPATH_SEARCH_PATHS = (
					"$(inherited)",
					"@executable_path/Frameworks",
				);
				MARKETING_VERSION = 1.0;
				PRODUCT_BUNDLE_IDENTIFIER = com.Marshaii.PhoneLine;
				PRODUCT_NAME = "$(TARGET_NAME)";
				SWIFT_EMIT_LOC_STRINGS = YES;
				SWIFT_OBJC_BRIDGING_HEADER = "PhoneLine/OpenCV/PhoneLine-Bridging-Header.h";
				SWIFT_VERSION = 5.0;
				TARGETED_DEVICE_FAMILY = 1;
			};
			name = Release;
		};
/* End XCBuildConfiguration section */

/* Begin XCConfigurationList section */
		91926052274E0A9E00BBD5B4 /* Build configuration list for PBXProject "PhoneLine" */ = {
			isa = XCConfigurationList;
			buildConfigurations = (
				91926069274E0A9F00BBD5B4 /* Debug */,
				9192606A274E0A9F00BBD5B4 /* Release */,
			);
			defaultConfigurationIsVisible = 0;
			defaultConfigurationName = Release;
		};
		9192606B274E0A9F00BBD5B4 /* Build configuration list for PBXNativeTarget "PhoneLine" */ = {
			isa = XCConfigurationList;
			buildConfigurations = (
				9192606C274E0A9F00BBD5B4 /* Debug */,
				9192606D274E0A9F00BBD5B4 /* Release */,
			);
			defaultConfigurationIsVisible = 0;
			defaultConfigurationName = Release;
		};
/* End XCConfigurationList section */
	};
	rootObject = 9192604F274E0A9E00BBD5B4 /* Project object */;
}
